
Microsoft Visual Studio Solution File, Format Version 12.00
# Visual Studio Version 16
VisualStudioVersion = 16.0.30523.141
MinimumVisualStudioVersion = 10.0.40219.1
Project("{FAE04EC0-301F-11D3-BF4B-00C04F79EFBC}") = "Palacian_Ioana_Teodora_lab2", "Palacian_Ioana_Teodora_lab2.csproj", "{FCD49E84-143C-4E46-A9B6-64925BB4890F}"
EndProject
Global
	GlobalSection(SolutionConfigurationPlatforms) = preSolution
		Debug|Any CPU = Debug|Any CPU
		Release|Any CPU = Release|Any CPU
	EndGlobalSection
	GlobalSection(ProjectConfigurationPlatforms) = postSolution
		{FCD49E84-143C-4E46-A9B6-64925BB4890F}.Debug|Any CPU.ActiveCfg = Debug|Any CPU
		{FCD49E84-143C-4E46-A9B6-64925BB4890F}.Debug|Any CPU.Build.0 = Debug|Any CPU
		{FCD49E84-143C-4E46-A9B6-64925BB4890F}.Release|Any CPU.ActiveCfg = Release|Any CPU
		{FCD49E84-143C-4E46-A9B6-64925BB4890F}.Release|Any CPU.Build.0 = Release|Any CPU
	EndGlobalSection
	GlobalSection(SolutionProperties) = preSolution
		HideSolutionNode = FALSE
	EndGlobalSection
	GlobalSection(ExtensibilityGlobals) = postSolution
		SolutionGuid = {11851D41-7922-4612-AB92-7E3B606AE2BE}
	EndGlobalSection
EndGlobal
